// !$*UTF8*$!
{
	archiveVersion = 1;
	classes = {
	};
	objectVersion = 46;
	objects = {

/* Begin PBXBuildFile section */
		1A1731D71C7454EC00AE93A4 /* main.m in Sources */ = {isa = PBXBuildFile; fileRef = 1A1731D61C7454EC00AE93A4 /* main.m */; };
		1A1731DA1C7454EC00AE93A4 /* AppDelegate.m in Sources */ = {isa = PBXBuildFile; fileRef = 1A1731D91C7454EC00AE93A4 /* AppDelegate.m */; };
		1A1731DD1C7454EC00AE93A4 /* ViewController.m in Sources */ = {isa = PBXBuildFile; fileRef = 1A1731DC1C7454EC00AE93A4 /* ViewController.m */; };
		1A1731E01C7454EC00AE93A4 /* Main.storyboard in Resources */ = {isa = PBXBuildFile; fileRef = 1A1731DE1C7454EC00AE93A4 /* Main.storyboard */; };
		1A1731E21C7454EC00AE93A4 /* Assets.xcassets in Resources */ = {isa = PBXBuildFile; fileRef = 1A1731E11C7454EC00AE93A4 /* Assets.xcassets */; };
		1A1731E51C7454EC00AE93A4 /* LaunchScreen.storyboard in Resources */ = {isa = PBXBuildFile; fileRef = 1A1731E31C7454EC00AE93A4 /* LaunchScreen.storyboard */; };
		1A1731F11C7458F100AE93A4 /* JMSegmentControl.m in Sources */ = {isa = PBXBuildFile; fileRef = 1A1731EE1C7458F100AE93A4 /* JMSegmentControl.m */; };
		1A1731F21C7458F100AE93A4 /* segItemBg.png in Resources */ = {isa = PBXBuildFile; fileRef = 1A1731EF1C7458F100AE93A4 /* segItemBg.png */; };
		1A1731F31C7458F100AE93A4 /* segItemBg@2x.png in Resources */ = {isa = PBXBuildFile; fileRef = 1A1731F01C7458F100AE93A4 /* segItemBg@2x.png */; };
		1A1731F81C7459AF00AE93A4 /* UIButton+JMExtension.m in Sources */ = {isa = PBXBuildFile; fileRef = 1A1731F71C7459AF00AE93A4 /* UIButton+JMExtension.m */; };
		1A1732001C74782500AE93A4 /* Tab_Mine_Selected@2x.png in Resources */ = {isa = PBXBuildFile; fileRef = 1A1731FC1C74782500AE93A4 /* Tab_Mine_Selected@2x.png */; };
		1A1732011C74782500AE93A4 /* Tab_Mine_Selected@3x.png in Resources */ = {isa = PBXBuildFile; fileRef = 1A1731FD1C74782500AE93A4 /* Tab_Mine_Selected@3x.png */; };
		1A1732021C74782500AE93A4 /* Tab_Mine_UnSelected@2x.png in Resources */ = {isa = PBXBuildFile; fileRef = 1A1731FE1C74782500AE93A4 /* Tab_Mine_UnSelected@2x.png */; };
		1A1732031C74782500AE93A4 /* Tab_Mine_UnSelected@3x.png in Resources */ = {isa = PBXBuildFile; fileRef = 1A1731FF1C74782500AE93A4 /* Tab_Mine_UnSelected@3x.png */; };
/* End PBXBuildFile section */

/* Begin PBXFileReference section */
		1A1731D21C7454EC00AE93A4 /* JMSegmentControl.app */ = {isa = PBXFileReference; explicitFileType = wrapper.application; includeInIndex = 0; path = JMSegmentControl.app; sourceTree = BUILT_PRODUCTS_DIR; };
		1A1731D61C7454EC00AE93A4 /* main.m */ = {isa = PBXFileReference; lastKnownFileType = sourcecode.c.objc; path = main.m; sourceTree = "<group>"; };
		1A1731D81C7454EC00AE93A4 /* AppDelegate.h */ = {isa = PBXFileReference; lastKnownFileType = sourcecode.c.h; path = AppDelegate.h; sourceTree = "<group>"; };
		1A1731D91C7454EC00AE93A4 /* AppDelegate.m */ = {isa = PBXFileReference; lastKnownFileType = sourcecode.c.objc; path = AppDelegate.m; sourceTree = "<group>"; };
		1A1731DB1C7454EC00AE93A4 /* ViewController.h */ = {isa = PBXFileReference; lastKnownFileType = sourcecode.c.h; path = ViewController.h; sourceTree = "<group>"; };
		1A1731DC1C7454EC00AE93A4 /* ViewController.m */ = {isa = PBXFileReference; lastKnownFileType = sourcecode.c.objc; path = ViewController.m; sourceTree = "<group>"; };
		1A1731DF1C7454EC00AE93A4 /* Base */ = {isa = PBXFileReference; lastKnownFileType = file.storyboard; name = Base; path = Base.lproj/Main.storyboard; sourceTree = "<group>"; };
		1A1731E11C7454EC00AE93A4 /* Assets.xcassets */ = {isa = PBXFileReference; lastKnownFileType = folder.assetcatalog; path = Assets.xcassets; sourceTree = "<group>"; };
		1A1731E41C7454EC00AE93A4 /* Base */ = {isa = PBXFileReference; lastKnownFileType = file.storyboard; name = Base; path = Base.lproj/LaunchScreen.storyboard; sourceTree = "<group>"; };
		1A1731E61C7454EC00AE93A4 /* Info.plist */ = {isa = PBXFileReference; lastKnownFileType = text.plist.xml; path = Info.plist; sourceTree = "<group>"; };
		1A1731ED1C7458F100AE93A4 /* JMSegmentControl.h */ = {isa = PBXFileReference; fileEncoding = 4; lastKnownFileType = sourcecode.c.h; path = JMSegmentControl.h; sourceTree = "<group>"; };
		1A1731EE1C7458F100AE93A4 /* JMSegmentControl.m */ = {isa = PBXFileReference; fileEncoding = 4; lastKnownFileType = sourcecode.c.objc; path = JMSegmentControl.m; sourceTree = "<group>"; };
		1A1731EF1C7458F100AE93A4 /* segItemBg.png */ = {isa = PBXFileReference; lastKnownFileType = image.png; path = segItemBg.png; sourceTree = "<group>"; };
		1A1731F01C7458F100AE93A4 /* segItemBg@2x.png */ = {isa = PBXFileReference; lastKnownFileType = image.png; path = "segItemBg@2x.png"; sourceTree = "<group>"; };
		1A1731F61C7459AF00AE93A4 /* UIButton+JMExtension.h */ = {isa = PBXFileReference; fileEncoding = 4; lastKnownFileType = sourcecode.c.h; path = "UIButton+JMExtension.h"; sourceTree = "<group>"; };
		1A1731F71C7459AF00AE93A4 /* UIButton+JMExtension.m */ = {isa = PBXFileReference; fileEncoding = 4; lastKnownFileType = sourcecode.c.objc; path = "UIButton+JMExtension.m"; sourceTree = "<group>"; };
		1A1731FC1C74782500AE93A4 /* Tab_Mine_Selected@2x.png */ = {isa = PBXFileReference; lastKnownFileType = image.png; path = "Tab_Mine_Selected@2x.png"; sourceTree = "<group>"; };
		1A1731FD1C74782500AE93A4 /* Tab_Mine_Selected@3x.png */ = {isa = PBXFileReference; lastKnownFileType = image.png; path = "Tab_Mine_Selected@3x.png"; sourceTree = "<group>"; };
		1A1731FE1C74782500AE93A4 /* Tab_Mine_UnSelected@2x.png */ = {isa = PBXFileReference; lastKnownFileType = image.png; path = "Tab_Mine_UnSelected@2x.png"; sourceTree = "<group>"; };
		1A1731FF1C74782500AE93A4 /* Tab_Mine_UnSelected@3x.png */ = {isa = PBXFileReference; lastKnownFileType = image.png; path = "Tab_Mine_UnSelected@3x.png"; sourceTree = "<group>"; };
/* End PBXFileReference section */

/* Begin PBXFrameworksBuildPhase section */
		1A1731CF1C7454EC00AE93A4 /* Frameworks */ = {
			isa = PBXFrameworksBuildPhase;
			buildActionMask = 2147483647;
			files = (
			);
			runOnlyForDeploymentPostprocessing = 0;
		};
/* End PBXFrameworksBuildPhase section */

/* Begin PBXGroup section */
		1A1731C91C7454EC00AE93A4 = {
			isa = PBXGroup;
			children = (
				1A1731D41C7454EC00AE93A4 /* JMSegmentControl */,
				1A1731D31C7454EC00AE93A4 /* Products */,
			);
			sourceTree = "<group>";
		};
		1A1731D31C7454EC00AE93A4 /* Products */ = {
			isa = PBXGroup;
			children = (
				1A1731D21C7454EC00AE93A4 /* JMSegmentControl.app */,
			);
			name = Products;
			sourceTree = "<group>";
		};
		1A1731D41C7454EC00AE93A4 /* JMSegmentControl */ = {
			isa = PBXGroup;
			children = (
				1A1731F41C7459AF00AE93A4 /* Category */,
				1A1731EC1C7458F100AE93A4 /* Segment */,
				1A1731FB1C74782500AE93A4 /* Resources */,
				1A1731D81C7454EC00AE93A4 /* AppDelegate.h */,
				1A1731D91C7454EC00AE93A4 /* AppDelegate.m */,
				1A1731DB1C7454EC00AE93A4 /* ViewController.h */,
				1A1731DC1C7454EC00AE93A4 /* ViewController.m */,
				1A1731DE1C7454EC00AE93A4 /* Main.storyboard */,
				1A1731E11C7454EC00AE93A4 /* Assets.xcassets */,
				1A1731E31C7454EC00AE93A4 /* LaunchScreen.storyboard */,
				1A1731E61C7454EC00AE93A4 /* Info.plist */,
				1A1731D51C7454EC00AE93A4 /* Supporting Files */,
			);
			path = JMSegmentControl;
			sourceTree = "<group>";
		};
		1A1731D51C7454EC00AE93A4 /* Supporting Files */ = {
			isa = PBXGroup;
			children = (
				1A1731D61C7454EC00AE93A4 /* main.m */,
			);
			name = "Supporting Files";
			sourceTree = "<group>";
		};
		1A1731EC1C7458F100AE93A4 /* Segment */ = {
			isa = PBXGroup;
			children = (
				1A1731ED1C7458F100AE93A4 /* JMSegmentControl.h */,
				1A1731EE1C7458F100AE93A4 /* JMSegmentControl.m */,
				1A1731EF1C7458F100AE93A4 /* segItemBg.png */,
				1A1731F01C7458F100AE93A4 /* segItemBg@2x.png */,
			);
			path = Segment;
			sourceTree = "<group>";
		};
		1A1731F41C7459AF00AE93A4 /* Category */ = {
			isa = PBXGroup;
			children = (
				1A1731F51C7459AF00AE93A4 /* UIButton */,
			);
			path = Category;
			sourceTree = "<group>";
		};
		1A1731F51C7459AF00AE93A4 /* UIButton */ = {
			isa = PBXGroup;
			children = (
				1A1731F61C7459AF00AE93A4 /* UIButton+JMExtension.h */,
				1A1731F71C7459AF00AE93A4 /* UIButton+JMExtension.m */,
			);
			path = UIButton;
			sourceTree = "<group>";
		};
		1A1731FB1C74782500AE93A4 /* Resources */ = {
			isa = PBXGroup;
			children = (
				1A1731FC1C74782500AE93A4 /* Tab_Mine_Selected@2x.png */,
				1A1731FD1C74782500AE93A4 /* Tab_Mine_Selected@3x.png */,
				1A1731FE1C74782500AE93A4 /* Tab_Mine_UnSelected@2x.png */,
				1A1731FF1C74782500AE93A4 /* Tab_Mine_UnSelected@3x.png */,
			);
			path = Resources;
			sourceTree = "<group>";
		};
/* End PBXGroup section */

/* Begin PBXNativeTarget section */
		1A1731D11C7454EC00AE93A4 /* JMSegmentControl */ = {
			isa = PBXNativeTarget;
			buildConfigurationList = 1A1731E91C7454EC00AE93A4 /* Build configuration list for PBXNativeTarget "JMSegmentControl" */;
			buildPhases = (
				1A1731CE1C7454EC00AE93A4 /* Sources */,
				1A1731CF1C7454EC00AE93A4 /* Frameworks */,
				1A1731D01C7454EC00AE93A4 /* Resources */,
			);
			buildRules = (
			);
			dependencies = (
			);
			name = JMSegmentControl;
			productName = JMSegmentControl;
			productReference = 1A1731D21C7454EC00AE93A4 /* JMSegmentControl.app */;
			productType = "com.apple.product-type.application";
		};
/* End PBXNativeTarget section */

/* Begin PBXProject section */
		1A1731CA1C7454EC00AE93A4 /* Project object */ = {
			isa = PBXProject;
			attributes = {
				LastUpgradeCheck = 0710;
				ORGANIZATIONNAME = shengxiao;
				TargetAttributes = {
					1A1731D11C7454EC00AE93A4 = {
						CreatedOnToolsVersion = 7.1.1;
					};
				};
			};
			buildConfigurationList = 1A1731CD1C7454EC00AE93A4 /* Build configuration list for PBXProject "JMSegmentControl" */;
			compatibilityVersion = "Xcode 3.2";
			developmentRegion = English;
			hasScannedForEncodings = 0;
			knownRegions = (
				en,
				Base,
			);
			mainGroup = 1A1731C91C7454EC00AE93A4;
			productRefGroup = 1A1731D31C7454EC00AE93A4 /* Products */;
			projectDirPath = "";
			projectRoot = "";
			targets = (
				1A1731D11C7454EC00AE93A4 /* JMSegmentControl */,
			);
		};
/* End PBXProject section */

/* Begin PBXResourcesBuildPhase section */
		1A1731D01C7454EC00AE93A4 /* Resources */ = {
			isa = PBXResourcesBuildPhase;
			buildActionMask = 2147483647;
			files = (
				1A1731F31C7458F100AE93A4 /* segItemBg@2x.png in Resources */,
				1A1732021C74782500AE93A4 /* Tab_Mine_UnSelected@2x.png in Resources */,
				1A1732031C74782500AE93A4 /* Tab_Mine_UnSelected@3x.png in Resources */,
				1A1731E51C7454EC00AE93A4 /* LaunchScreen.storyboard in Resources */,
				1A1732001C74782500AE93A4 /* Tab_Mine_Selected@2x.png in Resources */,
				1A1731E21C7454EC00AE93A4 /* Assets.xcassets in Resources */,
				1A1731E01C7454EC00AE93A4 /* Main.storyboard in Resources */,
				1A1732011C74782500AE93A4 /* Tab_Mine_Selected@3x.png in Resources */,
				1A1731F21C7458F100AE93A4 /* segItemBg.png in Resources */,
			);
			runOnlyForDeploymentPostprocessing = 0;
		};
/* End PBXResourcesBuildPhase section */

/* Begin PBXSourcesBuildPhase section */
		1A1731CE1C7454EC00AE93A4 /* Sources */ = {
			isa = PBXSourcesBuildPhase;
			buildActionMask = 2147483647;
			files = (
				1A1731F11C7458F100AE93A4 /* JMSegmentControl.m in Sources */,
				1A1731DD1C7454EC00AE93A4 /* ViewController.m in Sources */,
				1A1731F81C7459AF00AE93A4 /* UIButton+JMExtension.m in Sources */,
				1A1731DA1C7454EC00AE93A4 /* AppDelegate.m in Sources */,
				1A1731D71C7454EC00AE93A4 /* main.m in Sources */,
			);
			runOnlyForDeploymentPostprocessing = 0;
		};
/* End PBXSourcesBuildPhase section */

/* Begin PBXVariantGroup section */
		1A1731DE1C7454EC00AE93A4 /* Main.storyboard */ = {
			isa = PBXVariantGroup;
			children = (
				1A1731DF1C7454EC00AE93A4 /* Base */,
			);
			name = Main.storyboard;
			sourceTree = "<group>";
		};
		1A1731E31C7454EC00AE93A4 /* LaunchScreen.storyboard */ = {
			isa = PBXVariantGroup;
			children = (
				1A1731E41C7454EC00AE93A4 /* Base */,
			);
			name = LaunchScreen.storyboard;
			sourceTree = "<group>";
		};
/* End PBXVariantGroup section */

/* Begin XCBuildConfiguration section */
		1A1731E71C7454EC00AE93A4 /* Debug */ = {
			isa = XCBuildConfiguration;
			buildSettings = {
				ALWAYS_SEARCH_USER_PATHS = NO;
				CLANG_CXX_LANGUAGE_STANDARD = "gnu++0x";
				CLANG_CXX_LIBRARY = "libc++";
				CLANG_ENABLE_MODULES = YES;
				CLANG_ENABLE_OBJC_ARC = YES;
				CLANG_WARN_BOOL_CONVERSION = YES;
				CLANG_WARN_CONSTANT_CONVERSION = YES;
				CLANG_WARN_DIRECT_OBJC_ISA_USAGE = YES_ERROR;
				CLANG_WARN_EMPTY_BODY = YES;
				CLANG_WARN_ENUM_CONVERSION = YES;
				CLANG_WARN_INT_CONVERSION = YES;
				CLANG_WARN_OBJC_ROOT_CLASS = YES_ERROR;
				CLANG_WARN_UNREACHABLE_CODE = YES;
				CLANG_WARN__DUPLICATE_METHOD_MATCH = YES;
				"CODE_SIGN_IDENTITY[sdk=iphoneos*]" = "iPhone Developer";
				COPY_PHASE_STRIP = NO;
				DEBUG_INFORMATION_FORMAT = dwarf;
				ENABLE_STRICT_OBJC_MSGSEND = YES;
				ENABLE_TESTABILITY = YES;
				GCC_C_LANGUAGE_STANDARD = gnu99;
				GCC_DYNAMIC_NO_PIC = NO;
				GCC_NO_COMMON_BLOCKS = YES;
				GCC_OPTIMIZATION_LEVEL = 0;
				GCC_PREPROCESSOR_DEFINITIONS = (
					"DEBUG=1",
					"$(inherited)",
				);
				GCC_WARN_64_TO_32_BIT_CONVERSION = YES;
				GCC_WARN_ABOUT_RETURN_TYPE = YES_ERROR;
				GCC_WARN_UNDECLARED_SELECTOR = YES;
				GCC_WARN_UNINITIALIZED_AUTOS = YES_AGGRESSIVE;
				GCC_WARN_UNUSED_FUNCTION = YES;
				GCC_WARN_UNUSED_VARIABLE = YES;
				IPHONEOS_DEPLOYMENT_TARGET = 7.0;
				MTL_ENABLE_DEBUG_INFO = YES;
				ONLY_ACTIVE_ARCH = YES;
				SDKROOT = iphoneos;
				TARGETED_DEVICE_FAMILY = "1,2";
			};
			name = Debug;
		};
		1A1731E81C7454EC00AE93A4 /* Release */ = {
			isa = XCBuildConfiguration;
			buildSettings = {
				ALWAYS_SEARCH_USER_PATHS = NO;
				CLANG_CXX_LANGUAGE_STANDARD = "gnu++0x";
				CLANG_CXX_LIBRARY = "libc++";
				CLANG_ENABLE_MODULES = YES;
				CLANG_ENABLE_OBJC_ARC = YES;
				CLANG_WARN_BOOL_CONVERSION = YES;
				CLANG_WARN_CONSTANT_CONVERSION = YES;
				CLANG_WARN_DIRECT_OBJC_ISA_USAGE = YES_ERROR;
				CLANG_WARN_EMPTY_BODY = YES;
				CLANG_WARN_ENUM_CONVERSION = YES;
				CLANG_WARN_INT_CONVERSION = YES;
				CLANG_WARN_OBJC_ROOT_CLASS = YES_ERROR;
				CLANG_WARN_UNREACHABLE_CODE = YES;
				CLANG_WARN__DUPLICATE_METHOD_MATCH = YES;
				"CODE_SIGN_IDENTITY[sdk=iphoneos*]" = "iPhone Developer";
				COPY_PHASE_STRIP = NO;
				DEBUG_INFORMATION_FORMAT = "dwarf-with-dsym";
				ENABLE_NS_ASSERTIONS = NO;
				ENABLE_STRICT_OBJC_MSGSEND = YES;
				GCC_C_LANGUAGE_STANDARD = gnu99;
				GCC_NO_COMMON_BLOCKS = YES;
				GCC_WARN_64_TO_32_BIT_CONVERSION = YES;
				GCC_WARN_ABOUT_RETURN_TYPE = YES_ERROR;
				GCC_WARN_UNDECLARED_SELECTOR = YES;
				GCC_WARN_UNINITIALIZED_AUTOS = YES_AGGRESSIVE;
				GCC_WARN_UNUSED_FUNCTION = YES;
				GCC_WARN_UNUSED_VARIABLE = YES;
				IPHONEOS_DEPLOYMENT_TARGET = 7.0;
				MTL_ENABLE_DEBUG_INFO = NO;
				SDKROOT = iphoneos;
				TARGETED_DEVICE_FAMILY = "1,2";
				VALIDATE_PRODUCT = YES;
			};
			name = Release;
		};
		1A1731EA1C7454EC00AE93A4 /* Debug */ = {
			isa = XCBuildConfiguration;
			buildSettings = {
				ASSETCATALOG_COMPILER_APPICON_NAME = AppIcon;
				INFOPLIST_FILE = JMSegmentControl/Info.plist;
				IPHONEOS_DEPLOYMENT_TARGET = 7.0;
				LD_RUNPATH_SEARCH_PATHS = "$(inherited) @executable_path/Frameworks";
				PRODUCT_BUNDLE_IDENTIFIER = James.JMSegmentControl;
				PRODUCT_NAME = "$(TARGET_NAME)";
			};
			name = Debug;
		};
		1A1731EB1C7454EC00AE93A4 /* Release */ = {
			isa = XCBuildConfiguration;
			buildSettings = {
				ASSETCATALOG_COMPILER_APPICON_NAME = AppIcon;
				INFOPLIST_FILE = JMSegmentControl/Info.plist;
				IPHONEOS_DEPLOYMENT_TARGET = 7.0;
				LD_RUNPATH_SEARCH_PATHS = "$(inherited) @executable_path/Frameworks";
				PRODUCT_BUNDLE_IDENTIFIER = James.JMSegmentControl;
				PRODUCT_NAME = "$(TARGET_NAME)";
			};
			name = Release;
		};
/* End XCBuildConfiguration section */

/* Begin XCConfigurationList section */
		1A1731CD1C7454EC00AE93A4 /* Build configuration list for PBXProject "JMSegmentControl" */ = {
			isa = XCConfigurationList;
			buildConfigurations = (
				1A1731E71C7454EC00AE93A4 /* Debug */,
				1A1731E81C7454EC00AE93A4 /* Release */,
			);
			defaultConfigurationIsVisible = 0;
			defaultConfigurationName = Release;
		};
		1A1731E91C7454EC00AE93A4 /* Build configuration list for PBXNativeTarget "JMSegmentControl" */ = {
			isa = XCConfigurationList;
			buildConfigurations = (
				1A1731EA1C7454EC00AE93A4 /* Debug */,
				1A1731EB1C7454EC00AE93A4 /* Release */,
			);
			defaultConfigurationIsVisible = 0;
		};
/* End XCConfigurationList section */
	};
	rootObject = 1A1731CA1C7454EC00AE93A4 /* Project object */;
}
